
Microsoft Visual Studio Solution File, Format Version 12.00
# Visual Studio 15
VisualStudioVersion = 15.0.28307.489
MinimumVisualStudioVersion = 10.0.40219.1
Project("{8BC9CEB8-8B4A-11D0-8D11-00A0C91BC942}") = "LCIC_duplex", "LCIC_duplex\LCIC_duplex.vcxproj", "{F6F58F39-172C-469B-BC73-37A0FE3879BB}"
EndProject
Global
	GlobalSection(SolutionConfigurationPlatforms) = preSolution
		Debug|x64 = Debug|x64
		Debug|x86 = Debug|x86
		Release|x64 = Release|x64
		Release|x86 = Release|x86
	EndGlobalSection
	GlobalSection(ProjectConfigurationPlatforms) = postSolution
		{F6F58F39-172C-469B-BC73-37A0FE3879BB}.Debug|x64.ActiveCfg = Debug|x64
		{F6F58F39-172C-469B-BC73-37A0FE3879BB}.Debug|x64.Build.0 = Debug|x64
		{F6F58F39-172C-469B-BC73-37A0FE3879BB}.Debug|x86.ActiveCfg = Debug|Win32
		{F6F58F39-172C-469B-BC73-37A0FE3879BB}.Debug|x86.Build.0 = Debug|Win32
		{F6F58F39-172C-469B-BC73-37A0FE3879BB}.Release|x64.ActiveCfg = Release|x64
		{F6F58F39-172C-469B-BC73-37A0FE3879BB}.Release|x64.Build.0 = Release|x64
		{F6F58F39-172C-469B-BC73-37A0FE3879BB}.Release|x86.ActiveCfg = Release|Win32
		{F6F58F39-172C-469B-BC73-37A0FE3879BB}.Release|x86.Build.0 = Release|Win32
	EndGlobalSection
	GlobalSection(SolutionProperties) = preSolution
		HideSolutionNode = FALSE
	EndGlobalSection
	GlobalSection(ExtensibilityGlobals) = postSolution
		SolutionGuid = {A55718B6-49A4-4A49-9094-4BA287708CC8}
	EndGlobalSection
EndGlobal
